
Microsoft Visual Studio Solution File, Format Version 12.00
# Visual Studio Version 16
VisualStudioVersion = 16.0.29209.62
MinimumVisualStudioVersion = 10.0.40219.1
Project("{8BC9CEB8-8B4A-11D0-8D11-00A0C91BC942}") = "direct_test1", "direct_test1\direct_test1.vcxproj", "{B1A518F0-5162-4D7F-A62F-D7E54162DA98}"
EndProject
Global
	GlobalSection(SolutionConfigurationPlatforms) = preSolution
		Debug|x64 = Debug|x64
		Debug|x86 = Debug|x86
		Release|x64 = Release|x64
		Release|x86 = Release|x86
	EndGlobalSection
	GlobalSection(ProjectConfigurationPlatforms) = postSolution
		{B1A518F0-5162-4D7F-A62F-D7E54162DA98}.Debug|x64.ActiveCfg = Debug|x64
		{B1A518F0-5162-4D7F-A62F-D7E54162DA98}.Debug|x64.Build.0 = Debug|x64
		{B1A518F0-5162-4D7F-A62F-D7E54162DA98}.Debug|x86.ActiveCfg = Debug|Win32
		{B1A518F0-5162-4D7F-A62F-D7E54162DA98}.Debug|x86.Build.0 = Debug|Win32
		{B1A518F0-5162-4D7F-A62F-D7E54162DA98}.Release|x64.ActiveCfg = Release|x64
		{B1A518F0-5162-4D7F-A62F-D7E54162DA98}.Release|x64.Build.0 = Release|x64
		{B1A518F0-5162-4D7F-A62F-D7E54162DA98}.Release|x86.ActiveCfg = Release|Win32
		{B1A518F0-5162-4D7F-A62F-D7E54162DA98}.Release|x86.Build.0 = Release|Win32
	EndGlobalSection
	GlobalSection(SolutionProperties) = preSolution
		HideSolutionNode = FALSE
	EndGlobalSection
	GlobalSection(ExtensibilityGlobals) = postSolution
		SolutionGuid = {F7445F9D-1ADA-46BF-97E2-D0EDAD155088}
	EndGlobalSection
EndGlobal
